# THIS IS AN AUTOGENERATED FILE. DO NOT EDIT THIS FILE DIRECTLY.
# yarn lockfile v1


"@fontsource-variable/material-symbols-outlined@^5.2.40":
  version "5.2.40"
  resolved "https://registry.npmjs.org/@fontsource-variable/material-symbols-outlined/-/material-symbols-outlined-5.2.40.tgz"
  integrity sha512-F14vK8ygOAMKJ1hFORNZaUQvzxU0bcQcyy/NKKJPODBuZ3JuHQuWlJFvJFWa2lMJrzaCaAIgwwEQN+84uP6qTA==

"@fontsource/material-icons-outlined@^5.2.6":
  version "5.2.6"
  resolved "https://registry.npmjs.org/@fontsource/material-icons-outlined/-/material-icons-outlined-5.2.6.tgz"
  integrity sha512-99XKAkwnCg0s0/ywax+o3m01HSNM5gGzSBw+WnlWG2+WY3wOjcN+wXMfm4zP37Yme7Yze2DvKxF78tHWOrlwFw==

"@fontsource/material-icons@^5.2.7":
  version "5.2.7"
  resolved "https://registry.npmjs.org/@fontsource/material-icons/-/material-icons-5.2.7.tgz"
  integrity sha512-crPmK0L34lPGmS5GSGLasKpRGQzl95SxMsLM+QhBHPgR9uxSsyI5CUTb0cgoMpjtR+Bf1bC9QOe6pavoybbBwg==
