# THIS IS AN AUTOGENERATED FILE. DO NOT EDIT THIS FILE DIRECTLY.
# yarn lockfile v1


"@fontsource-variable/material-symbols-outlined@^5.2.39":
  version "5.2.43"
  resolved "https://registry.yarnpkg.com/@fontsource-variable/material-symbols-outlined/-/material-symbols-outlined-5.2.43.tgz#b8915412dcf0adc96097a1a27e8f309c29e0c0dc"
  integrity sha512-daKLQrkSOjxPQZOmJX4OZ3mEOOH5T6q7/lF/Xoa5F4DqAYdEweNgFqHGTYf4EhiwumQp3mNUeJfJsR7paW/MRA==

"@fontsource/material-icons-outlined@^5.2.6":
  version "5.2.6"
  resolved "https://registry.yarnpkg.com/@fontsource/material-icons-outlined/-/material-icons-outlined-5.2.6.tgz#64e47a0da250e3b06cd1610983cd1a7d73ec789a"
  integrity sha512-99XKAkwnCg0s0/ywax+o3m01HSNM5gGzSBw+WnlWG2+WY3wOjcN+wXMfm4zP37Yme7Yze2DvKxF78tHWOrlwFw==

"@fontsource/material-icons@^5.2.7":
  version "5.2.7"
  resolved "https://registry.yarnpkg.com/@fontsource/material-icons/-/material-icons-5.2.7.tgz#d408ee5677fca128c058c9ab77af0808a2179693"
  integrity sha512-crPmK0L34lPGmS5GSGLasKpRGQzl95SxMsLM+QhBHPgR9uxSsyI5CUTb0cgoMpjtR+Bf1bC9QOe6pavoybbBwg==
