# THIS IS AN AUTOGENERATED FILE. DO NOT EDIT THIS FILE DIRECTLY.
# yarn lockfile v1


"@fontsource-variable/material-symbols-outlined@^5.2.39":
  version "5.2.39"
  resolved "https://registry.yarnpkg.com/@fontsource-variable/material-symbols-outlined/-/material-symbols-outlined-5.2.39.tgz#214efcceb7a350ee69da7b1b48a9717f9435120d"
  integrity sha512-bv0K84v5xyRJORvP9cFje/uVX+vTMY5DaA9r1f5EJSMnDwPsWHs9qKaZfTlgLtRl7OgY4E/HfDeW+1U9mOnPxg==

"@fontsource/material-icons-outlined@^5.2.6":
  version "5.2.6"
  resolved "https://registry.yarnpkg.com/@fontsource/material-icons-outlined/-/material-icons-outlined-5.2.6.tgz#64e47a0da250e3b06cd1610983cd1a7d73ec789a"
  integrity sha512-99XKAkwnCg0s0/ywax+o3m01HSNM5gGzSBw+WnlWG2+WY3wOjcN+wXMfm4zP37Yme7Yze2DvKxF78tHWOrlwFw==

"@fontsource/material-icons@^5.2.7":
  version "5.2.7"
  resolved "https://registry.yarnpkg.com/@fontsource/material-icons/-/material-icons-5.2.7.tgz#d408ee5677fca128c058c9ab77af0808a2179693"
  integrity sha512-crPmK0L34lPGmS5GSGLasKpRGQzl95SxMsLM+QhBHPgR9uxSsyI5CUTb0cgoMpjtR+Bf1bC9QOe6pavoybbBwg==
